
Microsoft Visual Studio Solution File, Format Version 12.00
# Visual Studio Version 17
VisualStudioVersion = 17.9.34728.123
MinimumVisualStudioVersion = 10.0.40219.1
Project("{FAE04EC0-301F-11D3-BF4B-00C04F79EFBC}") = "Weather", "Weather.csproj", "{EF636984-8979-42BE-865E-C88C28578C79}"
EndProject
Global
	GlobalSection(SolutionConfigurationPlatforms) = preSolution
		Debug|Any CPU = Debug|Any CPU
		Release|Any CPU = Release|Any CPU
	EndGlobalSection
	GlobalSection(ProjectConfigurationPlatforms) = postSolution
		{EF636984-8979-42BE-865E-C88C28578C79}.Debug|Any CPU.ActiveCfg = Debug|Any CPU
		{EF636984-8979-42BE-865E-C88C28578C79}.Debug|Any CPU.Build.0 = Debug|Any CPU
		{EF636984-8979-42BE-865E-C88C28578C79}.Release|Any CPU.ActiveCfg = Release|Any CPU
		{EF636984-8979-42BE-865E-C88C28578C79}.Release|Any CPU.Build.0 = Release|Any CPU
	EndGlobalSection
	GlobalSection(SolutionProperties) = preSolution
		HideSolutionNode = FALSE
	EndGlobalSection
	GlobalSection(ExtensibilityGlobals) = postSolution
		SolutionGuid = {98B3AD33-B78F-4F0B-9C2D-91EA045F2CE6}
	EndGlobalSection
EndGlobal
