
Microsoft Visual Studio Solution File, Format Version 12.00
# Visual Studio Version 17
VisualStudioVersion = 17.9.34728.123
MinimumVisualStudioVersion = 10.0.40219.1
Project("{FAE04EC0-301F-11D3-BF4B-00C04F79EFBC}") = "PizzaStore", "PizzaStore.csproj", "{CFEBB393-431C-45C6-A228-0812541F49F2}"
EndProject
Global
	GlobalSection(SolutionConfigurationPlatforms) = preSolution
		Debug|Any CPU = Debug|Any CPU
		Release|Any CPU = Release|Any CPU
	EndGlobalSection
	GlobalSection(ProjectConfigurationPlatforms) = postSolution
		{CFEBB393-431C-45C6-A228-0812541F49F2}.Debug|Any CPU.ActiveCfg = Debug|Any CPU
		{CFEBB393-431C-45C6-A228-0812541F49F2}.Debug|Any CPU.Build.0 = Debug|Any CPU
		{CFEBB393-431C-45C6-A228-0812541F49F2}.Release|Any CPU.ActiveCfg = Release|Any CPU
		{CFEBB393-431C-45C6-A228-0812541F49F2}.Release|Any CPU.Build.0 = Release|Any CPU
	EndGlobalSection
	GlobalSection(SolutionProperties) = preSolution
		HideSolutionNode = FALSE
	EndGlobalSection
	GlobalSection(ExtensibilityGlobals) = postSolution
		SolutionGuid = {EE054C46-1434-4147-B37C-FF5BEA18E9B4}
	EndGlobalSection
EndGlobal
