
Microsoft Visual Studio Solution File, Format Version 12.00
# Visual Studio Version 17
VisualStudioVersion = 17.9.34728.123
MinimumVisualStudioVersion = 10.0.40219.1
Project("{FAE04EC0-301F-11D3-BF4B-00C04F79EFBC}") = "VideoConverter", "VideoConverter.csproj", "{27F5F23D-EA32-4366-98BD-D6884BCF4FBE}"
EndProject
Global
	GlobalSection(SolutionConfigurationPlatforms) = preSolution
		Debug|Any CPU = Debug|Any CPU
		Release|Any CPU = Release|Any CPU
	EndGlobalSection
	GlobalSection(ProjectConfigurationPlatforms) = postSolution
		{27F5F23D-EA32-4366-98BD-D6884BCF4FBE}.Debug|Any CPU.ActiveCfg = Debug|Any CPU
		{27F5F23D-EA32-4366-98BD-D6884BCF4FBE}.Debug|Any CPU.Build.0 = Debug|Any CPU
		{27F5F23D-EA32-4366-98BD-D6884BCF4FBE}.Release|Any CPU.ActiveCfg = Release|Any CPU
		{27F5F23D-EA32-4366-98BD-D6884BCF4FBE}.Release|Any CPU.Build.0 = Release|Any CPU
	EndGlobalSection
	GlobalSection(SolutionProperties) = preSolution
		HideSolutionNode = FALSE
	EndGlobalSection
	GlobalSection(ExtensibilityGlobals) = postSolution
		SolutionGuid = {06631DAE-0AA0-4875-B525-6037E5205FF1}
	EndGlobalSection
EndGlobal
