
Microsoft Visual Studio Solution File, Format Version 12.00
# Visual Studio Version 17
VisualStudioVersion = 17.9.34728.123
MinimumVisualStudioVersion = 10.0.40219.1
Project("{FAE04EC0-301F-11D3-BF4B-00C04F79EFBC}") = "Pegs", "Pegs.csproj", "{2BDA2FFF-9CA0-4FB9-91D4-69E1A7D84F1F}"
EndProject
Global
	GlobalSection(SolutionConfigurationPlatforms) = preSolution
		Debug|Any CPU = Debug|Any CPU
		Release|Any CPU = Release|Any CPU
	EndGlobalSection
	GlobalSection(ProjectConfigurationPlatforms) = postSolution
		{2BDA2FFF-9CA0-4FB9-91D4-69E1A7D84F1F}.Debug|Any CPU.ActiveCfg = Debug|Any CPU
		{2BDA2FFF-9CA0-4FB9-91D4-69E1A7D84F1F}.Debug|Any CPU.Build.0 = Debug|Any CPU
		{2BDA2FFF-9CA0-4FB9-91D4-69E1A7D84F1F}.Release|Any CPU.ActiveCfg = Release|Any CPU
		{2BDA2FFF-9CA0-4FB9-91D4-69E1A7D84F1F}.Release|Any CPU.Build.0 = Release|Any CPU
	EndGlobalSection
	GlobalSection(SolutionProperties) = preSolution
		HideSolutionNode = FALSE
	EndGlobalSection
	GlobalSection(ExtensibilityGlobals) = postSolution
		SolutionGuid = {5893F613-3A9A-434A-BD8A-094DC7347123}
	EndGlobalSection
EndGlobal
